
Microsoft Visual Studio Solution File, Format Version 12.00
# Visual Studio Version 16
VisualStudioVersion = 16.0.32602.291
MinimumVisualStudioVersion = 10.0.40219.1
Project("{FAE04EC0-301F-11D3-BF4B-00C04F79EFBC}") = "DoYourTasks", "DoYourTasks.csproj", "{F8BD73CD-6F7F-46E1-8D04-F8372162F21D}"
EndProject
Global
	GlobalSection(SolutionConfigurationPlatforms) = preSolution
		Debug|Any CPU = Debug|Any CPU
		Release|Any CPU = Release|Any CPU
	EndGlobalSection
	GlobalSection(ProjectConfigurationPlatforms) = postSolution
		{F8BD73CD-6F7F-46E1-8D04-F8372162F21D}.Debug|Any CPU.ActiveCfg = Debug|Any CPU
		{F8BD73CD-6F7F-46E1-8D04-F8372162F21D}.Debug|Any CPU.Build.0 = Debug|Any CPU
		{F8BD73CD-6F7F-46E1-8D04-F8372162F21D}.Release|Any CPU.ActiveCfg = Release|Any CPU
		{F8BD73CD-6F7F-46E1-8D04-F8372162F21D}.Release|Any CPU.Build.0 = Release|Any CPU
	EndGlobalSection
	GlobalSection(SolutionProperties) = preSolution
		HideSolutionNode = FALSE
	EndGlobalSection
	GlobalSection(ExtensibilityGlobals) = postSolution
		SolutionGuid = {0928ED58-F1D8-40FA-BF93-E3FA9DFE6833}
	EndGlobalSection
EndGlobal
